{
  "R": {
    "Version": "4.3.0",
    "Repositories": [
      {
        "Name": "CRAN",
        "URL": "https://cloud.r-project.org"
      }
    ]
  },
  "Packages": {
    "BH": {
      "Package": "BH",
      "Version": "1.84.0-0",
      "Source": "Repository",
      "Repository": "CRAN",
      "Hash": "a8235afbcd6316e6e91433ea47661013"
    },
    "DiceKriging": {
      "Package": "DiceKriging",
      "Version": "1.6.0",
      "Source": "Repository",
      "Repository": "CRAN",
      "Requirements": [
        "methods"
      ],
      "Hash": "033765b87e28c58cb80809cc668a9623"
    },
    "KernSmooth": {
      "Package": "KernSmooth",
      "Version": "2.23-21",
      "Source": "Repository",
      "Repository": "CRAN",
      "Requirements": [
        "R",
        "stats"
      ],
      "Hash": "6314fc110e09548ba889491db6ae67fb"
    },
    "MASS": {
      "Package": "MASS",
      "Version": "7.3-60",
      "Source": "Repository",
      "Repository": "CRAN",
      "Requirements": [
        "R",
        "grDevices",
        "graphics",
        "methods",
        "stats",
        "utils"
      ],
      "Hash": "a56a6365b3fa73293ea8d084be0d9bb0"
    },
    "Matrix": {
      "Package": "Matrix",
      "Version": "1.5-4.1",
      "Source": "Repository",
      "Repository": "CRAN",
      "Requirements": [
        "R",
        "graphics",
        "grid",
        "lattice",
        "methods",
        "stats",
        "utils"
      ],
      "Hash": "38082d362d317745fb932e13956dccbb"
    },
    "PRROC": {
      "Package": "PRROC",
      "Version": "1.3.1",
      "Source": "Repository",
      "Repository": "CRAN",
      "Hash": "5506f0a5a0661ac39bfcfca702f1f282"
    },
    "R6": {
      "Package": "R6",
      "Version": "2.5.1",
      "Source": "Repository",
      "Repository": "CRAN",
      "Requirements": [
        "R"
      ],
      "Hash": "470851b6d5d0ac559e9d01bb352b4021"
    },
    "RApiSerialize": {
      "Package": "RApiSerialize",
      "Version": "0.1.3",
      "Source": "Repository",
      "Repository": "CRAN",
      "Hash": "12cbd319d03b55edaa195695a155bb30"
    },
    "Rcpp": {
      "Package": "Rcpp",
      "Version": "1.0.12",
      "Source": "Repository",
      "Repository": "CRAN",
      "Requirements": [
        "methods",
        "utils"
      ],
      "Hash": "5ea2700d21e038ace58269ecdbeb9ec0"
    },
    "RcppEigen": {
      "Package": "RcppEigen",
      "Version": "0.3.4.0.0",
      "Source": "Repository",
      "Repository": "CRAN",
      "Requirements": [
        "R",
        "Rcpp",
        "stats",
        "utils"
      ],
      "Hash": "df49e3306f232ec28f1604e36a202847"
    },
    "RcppParallel": {
      "Package": "RcppParallel",
      "Version": "5.1.7",
      "Source": "Repository",
      "Repository": "CRAN",
      "Requirements": [
        "R"
      ],
      "Hash": "a45594a00f5dbb073d5ec9f48592a08a"
    },
    "RhpcBLASctl": {
      "Package": "RhpcBLASctl",
      "Version": "0.23-42",
      "Source": "Repository",
      "Repository": "CRAN",
      "Hash": "c966ea2957ff75e77afa5c908dfc89e1"
    },
    "backports": {
      "Package": "backports",
      "Version": "1.5.0",
      "Source": "Repository",
      "Repository": "CRAN",
      "Requirements": [
        "R"
      ],
      "Hash": "e1e1b9d75c37401117b636b7ae50827a"
    },
    "base64url": {
      "Package": "base64url",
      "Version": "1.4",
      "Source": "Repository",
      "Repository": "CRAN",
      "Requirements": [
        "backports"
      ],
      "Hash": "0c54cf3a08cc0e550fbd64ad33166143"
    },
    "batchtools": {
      "Package": "batchtools",
      "Version": "0.9.17",
      "Source": "Repository",
      "Repository": "CRAN",
      "Requirements": [
        "R",
        "R6",
        "backports",
        "base64url",
        "brew",
        "checkmate",
        "data.table",
        "digest",
        "fs",
        "parallel",
        "progress",
        "rappdirs",
        "stats",
        "stringi",
        "utils",
        "withr"
      ],
      "Hash": "c21ca34590a8dd80fccec5bf1b2d26d7"
    },
    "bbotk": {
      "Package": "bbotk",
      "Version": "0.8.0.9000",
      "Source": "GitHub",
      "Remotes": "mlr-org/mlr3misc, mlr-org/rush",
      "RemoteType": "github",
      "RemoteHost": "api.github.com",
      "RemoteRepo": "bbotk",
      "RemoteUsername": "mlr-org",
      "RemotePkgRef": "mlr-org/bbotk",
      "RemoteRef": "HEAD",
      "RemoteSha": "f90bf58156d815a1dba122bee7994a4bcbfd0940",
      "Requirements": [
        "R",
        "R6",
        "checkmate",
        "data.table",
        "lgr",
        "methods",
        "mlr3misc",
        "paradox"
      ],
      "Hash": "73912a3f4e44ae4f459e598ae008350f"
    },
    "bit": {
      "Package": "bit",
      "Version": "4.0.5",
      "Source": "Repository",
      "Repository": "CRAN",
      "Requirements": [
        "R"
      ],
      "Hash": "d242abec29412ce988848d0294b208fd"
    },
    "bit64": {
      "Package": "bit64",
      "Version": "4.0.5",
      "Source": "Repository",
      "Repository": "CRAN",
      "Requirements": [
        "R",
        "bit",
        "methods",
        "stats",
        "utils"
      ],
      "Hash": "9fe98599ca456d6552421db0d6772d8f"
    },
    "boot": {
      "Package": "boot",
      "Version": "1.3-28.1",
      "Source": "Repository",
      "Repository": "CRAN",
      "Requirements": [
        "R",
        "graphics",
        "stats"
      ],
      "Hash": "9a052fbcbe97a98ceb18dbfd30ebd96e"
    },
    "brew": {
      "Package": "brew",
      "Version": "1.0-10",
      "Source": "Repository",
      "Repository": "CRAN",
      "Hash": "8f4a384e19dccd8c65356dc096847b76"
    },
    "callr": {
      "Package": "callr",
      "Version": "3.7.6",
      "Source": "Repository",
      "Repository": "CRAN",
      "Requirements": [
        "R",
        "R6",
        "processx",
        "utils"
      ],
      "Hash": "d7e13f49c19103ece9e58ad2d83a7354"
    },
    "catboost": {
      "Package": "catboost",
      "Version": "1.2.5",
      "Source": "URL",
      "RemoteType": "url",
      "RemoteUrl": "https://github.com/catboost/catboost/releases/download/v1.2.5/catboost-R-linux-x86_64-1.2.5.tgz",
      "Requirements": [
        "jsonlite"
      ],
      "Hash": "ee55b472a4f9be55cfc488957fb0ee8d"
    },
    "checkmate": {
      "Package": "checkmate",
      "Version": "2.3.1",
      "Source": "Repository",
      "Repository": "CRAN",
      "Requirements": [
        "R",
        "backports",
        "utils"
      ],
      "Hash": "c01cab1cb0f9125211a6fc99d540e315"
    },
    "class": {
      "Package": "class",
      "Version": "7.3-22",
      "Source": "Repository",
      "Repository": "CRAN",
      "Requirements": [
        "MASS",
        "R",
        "stats",
        "utils"
      ],
      "Hash": "f91f6b29f38b8c280f2b9477787d4bb2"
    },
    "cli": {
      "Package": "cli",
      "Version": "3.6.2",
      "Source": "Repository",
      "Repository": "CRAN",
      "Requirements": [
        "R",
        "utils"
      ],
      "Hash": "1216ac65ac55ec0058a6f75d7ca0fd52"
    },
    "cluster": {
      "Package": "cluster",
      "Version": "2.1.4",
      "Source": "Repository",
      "Repository": "CRAN",
      "Requirements": [
        "R",
        "grDevices",
        "graphics",
        "stats",
        "utils"
      ],
      "Hash": "5edbbabab6ce0bf7900a74fd4358628e"
    },
    "codetools": {
      "Package": "codetools",
      "Version": "0.2-20",
      "Source": "Repository",
      "Repository": "CRAN",
      "Requirements": [
        "R"
      ],
      "Hash": "61e097f35917d342622f21cdc79c256e"
    },
    "cpp11": {
      "Package": "cpp11",
      "Version": "0.4.7",
      "Source": "Repository",
      "Repository": "CRAN",
      "Requirements": [
        "R"
      ],
      "Hash": "5a295d7d963cc5035284dcdbaf334f4e"
    },
    "crayon": {
      "Package": "crayon",
      "Version": "1.5.2",
      "Source": "Repository",
      "Repository": "CRAN",
      "Requirements": [
        "grDevices",
        "methods",
        "utils"
      ],
      "Hash": "e8a1e41acf02548751f45c718d55aa6a"
    },
    "curl": {
      "Package": "curl",
      "Version": "5.2.1",
      "Source": "Repository",
      "Repository": "CRAN",
      "Requirements": [
        "R"
      ],
      "Hash": "411ca2c03b1ce5f548345d2fc2685f7a"
    },
    "data.table": {
      "Package": "data.table",
      "Version": "1.15.4",
      "Source": "Repository",
      "Repository": "CRAN",
      "Requirements": [
        "R",
        "methods"
      ],
      "Hash": "8ee9ac56ef633d0c7cab8b2ca87d683e"
    },
    "digest": {
      "Package": "digest",
      "Version": "0.6.35",
      "Source": "Repository",
      "Repository": "CRAN",
      "Requirements": [
        "R",
        "utils"
      ],
      "Hash": "698ece7ba5a4fa4559e3d537e7ec3d31"
    },
    "e1071": {
      "Package": "e1071",
      "Version": "1.7-14",
      "Source": "Repository",
      "Repository": "CRAN",
      "Requirements": [
        "class",
        "grDevices",
        "graphics",
        "methods",
        "proxy",
        "stats",
        "utils"
      ],
      "Hash": "4ef372b716824753719a8a38b258442d"
    },
    "evaluate": {
      "Package": "evaluate",
      "Version": "0.24.0",
      "Source": "Repository",
      "Repository": "CRAN",
      "Requirements": [
        "R",
        "methods"
      ],
      "Hash": "a1066cbc05caee9a4bf6d90f194ff4da"
    },
    "foreach": {
      "Package": "foreach",
      "Version": "1.5.2",
      "Source": "Repository",
      "Repository": "CRAN",
      "Requirements": [
        "R",
        "codetools",
        "iterators",
        "utils"
      ],
      "Hash": "618609b42c9406731ead03adf5379850"
    },
    "foreign": {
      "Package": "foreign",
      "Version": "0.8-84",
      "Source": "Repository",
      "Repository": "CRAN",
      "Requirements": [
        "R",
        "methods",
        "stats",
        "utils"
      ],
      "Hash": "467ec0ca895d4e61a22cfbac9bccddf8"
    },
    "fs": {
      "Package": "fs",
      "Version": "1.6.4",
      "Source": "Repository",
      "Repository": "CRAN",
      "Requirements": [
        "R",
        "methods"
      ],
      "Hash": "15aeb8c27f5ea5161f9f6a641fafd93a"
    },
    "future": {
      "Package": "future",
      "Version": "1.33.2",
      "Source": "Repository",
      "Repository": "CRAN",
      "Requirements": [
        "digest",
        "globals",
        "listenv",
        "parallel",
        "parallelly",
        "utils"
      ],
      "Hash": "fd7b1d69d16d0d114e4fa82db68f184c"
    },
    "future.apply": {
      "Package": "future.apply",
      "Version": "1.11.2",
      "Source": "Repository",
      "Repository": "CRAN",
      "Requirements": [
        "R",
        "future",
        "globals",
        "parallel",
        "utils"
      ],
      "Hash": "afe1507511629f44572e6c53b9baeb7c"
    },
    "glmnet": {
      "Package": "glmnet",
      "Version": "4.1-8",
      "Source": "Repository",
      "Repository": "CRAN",
      "Requirements": [
        "Matrix",
        "R",
        "Rcpp",
        "RcppEigen",
        "foreach",
        "methods",
        "shape",
        "survival",
        "utils"
      ],
      "Hash": "eb6fc70e561aae41d5911a6726188f71"
    },
    "globals": {
      "Package": "globals",
      "Version": "0.16.3",
      "Source": "Repository",
      "Repository": "CRAN",
      "Requirements": [
        "R",
        "codetools"
      ],
      "Hash": "2580567908cafd4f187c1e5a91e98b7f"
    },
    "glue": {
      "Package": "glue",
      "Version": "1.7.0",
      "Source": "Repository",
      "Repository": "CRAN",
      "Requirements": [
        "R",
        "methods"
      ],
      "Hash": "e0b3a53876554bd45879e596cdb10a52"
    },
    "hms": {
      "Package": "hms",
      "Version": "1.1.3",
      "Source": "Repository",
      "Repository": "CRAN",
      "Requirements": [
        "lifecycle",
        "methods",
        "pkgconfig",
        "rlang",
        "vctrs"
      ],
      "Hash": "b59377caa7ed00fa41808342002138f9"
    },
    "igraph": {
      "Package": "igraph",
      "Version": "2.0.3",
      "Source": "Repository",
      "Repository": "CRAN",
      "Requirements": [
        "Matrix",
        "R",
        "cli",
        "cpp11",
        "grDevices",
        "graphics",
        "lifecycle",
        "magrittr",
        "methods",
        "pkgconfig",
        "rlang",
        "stats",
        "utils",
        "vctrs"
      ],
      "Hash": "c3b7d801d722e26e4cd888e042bf9af5"
    },
    "iterators": {
      "Package": "iterators",
      "Version": "1.0.14",
      "Source": "Repository",
      "Repository": "CRAN",
      "Requirements": [
        "R",
        "utils"
      ],
      "Hash": "8954069286b4b2b0d023d1b288dce978"
    },
    "jsonlite": {
      "Package": "jsonlite",
      "Version": "1.8.8",
      "Source": "Repository",
      "Repository": "CRAN",
      "Requirements": [
        "methods"
      ],
      "Hash": "e1b9c55281c5adc4dd113652d9e26768"
    },
    "kknn": {
      "Package": "kknn",
      "Version": "1.3.1",
      "Source": "Repository",
      "Repository": "CRAN",
      "Requirements": [
        "Matrix",
        "R",
        "graphics",
        "igraph",
        "stats"
      ],
      "Hash": "caf9351c33fcb5209928dbfab053c43a"
    },
    "lattice": {
      "Package": "lattice",
      "Version": "0.22-6",
      "Source": "Repository",
      "Repository": "CRAN",
      "Requirements": [
        "R",
        "grDevices",
        "graphics",
        "grid",
        "stats",
        "utils"
      ],
      "Hash": "cc5ac1ba4c238c7ca9fa6a87ca11a7e2"
    },
    "lgr": {
      "Package": "lgr",
      "Version": "0.4.4",
      "Source": "Repository",
      "Repository": "CRAN",
      "Requirements": [
        "R",
        "R6"
      ],
      "Hash": "a6bc51765d7e9eeb2b225a11805527aa"
    },
    "lifecycle": {
      "Package": "lifecycle",
      "Version": "1.0.4",
      "Source": "Repository",
      "Repository": "CRAN",
      "Requirements": [
        "R",
        "cli",
        "glue",
        "rlang"
      ],
      "Hash": "b8552d117e1b808b09a832f589b79035"
    },
    "lightgbm": {
      "Package": "lightgbm",
      "Version": "4.3.0",
      "Source": "Repository",
      "Repository": "CRAN",
      "Requirements": [
        "Matrix",
        "R",
        "R6",
        "data.table",
        "graphics",
        "jsonlite",
        "methods",
        "parallel",
        "utils"
      ],
      "Hash": "3557a7d44ebdac1cda4cc5b5cbcb7716"
    },
    "listenv": {
      "Package": "listenv",
      "Version": "0.9.1",
      "Source": "Repository",
      "Repository": "CRAN",
      "Requirements": [
        "R"
      ],
      "Hash": "e2fca3e12e4db979dccc6e519b10a7ee"
    },
    "magrittr": {
      "Package": "magrittr",
      "Version": "2.0.3",
      "Source": "Repository",
      "Repository": "CRAN",
      "Requirements": [
        "R"
      ],
      "Hash": "7ce2733a9826b3aeb1775d56fd305472"
    },
    "mgcv": {
      "Package": "mgcv",
      "Version": "1.8-42",
      "Source": "Repository",
      "Repository": "CRAN",
      "Requirements": [
        "Matrix",
        "R",
        "graphics",
        "methods",
        "nlme",
        "splines",
        "stats",
        "utils"
      ],
      "Hash": "3460beba7ccc8946249ba35327ba902a"
    },
    "mlbench": {
      "Package": "mlbench",
      "Version": "2.1-5",
      "Source": "Repository",
      "Repository": "CRAN",
      "Requirements": [
        "R"
      ],
      "Hash": "3a46a0a463d4afcf10df9a3f4e627eca"
    },
    "mlr3": {
      "Package": "mlr3",
      "Version": "0.19.0",
      "Source": "Repository",
      "Repository": "CRAN",
      "Requirements": [
        "R",
        "R6",
        "RhpcBLASctl",
        "backports",
        "checkmate",
        "data.table",
        "evaluate",
        "future",
        "future.apply",
        "lgr",
        "mlbench",
        "mlr3measures",
        "mlr3misc",
        "palmerpenguins",
        "paradox",
        "parallelly",
        "uuid"
      ],
      "Hash": "000436b6daff5a0372a9977a30857a97"
    },
    "mlr3batchmark": {
      "Package": "mlr3batchmark",
      "Version": "0.1.1.9000",
      "Source": "GitHub",
      "RemoteType": "github",
      "RemoteHost": "api.github.com",
      "RemoteRepo": "mlr3batchmark",
      "RemoteUsername": "mlr-org",
      "RemotePkgRef": "mlr-org/mlr3batchmark",
      "RemoteRef": "HEAD",
      "RemoteSha": "10a635db52ac098b6cf6a66e9c6a5ab67ceffedb",
      "Requirements": [
        "R",
        "batchtools",
        "checkmate",
        "data.table",
        "lgr",
        "mlr3",
        "mlr3misc",
        "uuid"
      ],
      "Hash": "f6db6582c1d2e4c9b381af36fe4b6571"
    },
    "mlr3extralearners": {
      "Package": "mlr3extralearners",
      "Version": "0.8.0-9000",
      "Source": "GitHub",
      "Remotes": "binderh/CoxBoost, catboost/catboost/catboost/R-package, mlr-org/mlr3proba, RaphaelS1/survivalmodels, PlantedML/randomPlantedForest, xoopR/distr6, xoopR/param6, xoopR/set6, ropensci/aorsf",
      "RemoteType": "github",
      "RemoteHost": "api.github.com",
      "RemoteRepo": "mlr3extralearners",
      "RemoteUsername": "mlr-org",
      "RemotePkgRef": "mlr-org/mlr3extralearners",
      "RemoteRef": "HEAD",
      "RemoteSha": "74b04754658b85a1cfa95b61e4e1ffcc26f61bbd",
      "Requirements": [
        "R",
        "R6",
        "checkmate",
        "data.table",
        "methods",
        "mlr3",
        "mlr3misc",
        "paradox"
      ],
      "Hash": "1c77ebe5163c1ae0770da9a9a12f6418"
    },
    "mlr3learners": {
      "Package": "mlr3learners",
      "Version": "0.6.0",
      "Source": "Repository",
      "Repository": "CRAN",
      "Requirements": [
        "R",
        "R6",
        "checkmate",
        "data.table",
        "mlr3",
        "mlr3misc",
        "paradox"
      ],
      "Hash": "1cf6c6f4da875871a7fd4e5025378164"
    },
    "mlr3mbo": {
      "Package": "mlr3mbo",
      "Version": "0.2.2.9000",
      "Source": "GitHub",
      "Remotes": "mlr-org/bbotk, mlr-org/mlr3tuning, mlr-org/rush",
      "RemoteType": "github",
      "RemoteHost": "api.github.com",
      "RemoteRepo": "mlr3mbo",
      "RemoteUsername": "mlr-org",
      "RemotePkgRef": "mlr-org/mlr3mbo@adbo",
      "RemoteRef": "adbo",
      "RemoteSha": "056e50e7a6bbca2729638ba063806657012d38e4",
      "Requirements": [
        "R",
        "R6",
        "bbotk",
        "checkmate",
        "data.table",
        "lgr",
        "mlr3",
        "mlr3misc",
        "mlr3tuning",
        "paradox",
        "spacefillr"
      ],
      "Hash": "ef344cbc51700d8644de91d0ff280592"
    },
    "mlr3measures": {
      "Package": "mlr3measures",
      "Version": "0.5.0",
      "Source": "Repository",
      "Repository": "CRAN",
      "Requirements": [
        "PRROC",
        "R",
        "checkmate"
      ],
      "Hash": "540045d567107f6305daf6e9bffa6287"
    },
    "mlr3misc": {
      "Package": "mlr3misc",
      "Version": "0.15.0.9000",
      "Source": "GitHub",
      "RemoteType": "github",
      "RemoteHost": "api.github.com",
      "RemoteRepo": "mlr3misc",
      "RemoteUsername": "mlr-org",
      "RemotePkgRef": "mlr-org/mlr3misc",
      "RemoteRef": "HEAD",
      "RemoteSha": "ebdcf1dfab5be19b5e59c8308c687a336b128a90",
      "Requirements": [
        "R",
        "R6",
        "backports",
        "checkmate",
        "data.table",
        "digest",
        "methods"
      ],
      "Hash": "9cd934ebc803499c8c58e16fd9696da3"
    },
    "mlr3oml": {
      "Package": "mlr3oml",
      "Version": "0.9.0",
      "Source": "Repository",
      "Repository": "CRAN",
      "Requirements": [
        "R",
        "R6",
        "backports",
        "bit64",
        "checkmate",
        "curl",
        "data.table",
        "jsonlite",
        "lgr",
        "methods",
        "mlr3",
        "mlr3misc",
        "paradox",
        "stringi",
        "uuid",
        "withr"
      ],
      "Hash": "4a86b3ebb927945917c2f2a6e0ff35a3"
    },
    "mlr3pipelines": {
      "Package": "mlr3pipelines",
      "Version": "0.5.2",
      "Source": "Repository",
      "Repository": "CRAN",
      "Requirements": [
        "R",
        "R6",
        "backports",
        "checkmate",
        "data.table",
        "digest",
        "lgr",
        "mlr3",
        "mlr3misc",
        "paradox",
        "withr"
      ],
      "Hash": "d90f0641c03879f0efa3de5b3754d70e"
    },
    "mlr3tuning": {
      "Package": "mlr3tuning",
      "Version": "0.20.0.9000",
      "Source": "GitHub",
      "Remotes": "mlr-org/bbotk, mlr-org/mlr3misc, mlr-org/mlr3pipelines@bundle, mlr-org/rush",
      "RemoteType": "github",
      "RemoteHost": "api.github.com",
      "RemoteRepo": "mlr3tuning",
      "RemoteUsername": "mlr-org",
      "RemotePkgRef": "mlr-org/mlr3tuning",
      "RemoteRef": "HEAD",
      "RemoteSha": "2a629f2a4272ed31406d371690c9d4f06a89b72e",
      "Requirements": [
        "R",
        "R6",
        "bbotk",
        "checkmate",
        "data.table",
        "lgr",
        "mlr3",
        "mlr3misc",
        "paradox"
      ],
      "Hash": "48c2d176a767064027d1012ddd23f714"
    },
    "nlme": {
      "Package": "nlme",
      "Version": "3.1-162",
      "Source": "Repository",
      "Repository": "CRAN",
      "Requirements": [
        "R",
        "graphics",
        "lattice",
        "stats",
        "utils"
      ],
      "Hash": "0984ce8da8da9ead8643c5cbbb60f83e"
    },
    "nnet": {
      "Package": "nnet",
      "Version": "7.3-19",
      "Source": "Repository",
      "Repository": "CRAN",
      "Requirements": [
        "R",
        "stats",
        "utils"
      ],
      "Hash": "2c797b46eea7fb58ede195bc0b1f1138"
    },
    "pak": {
      "Package": "pak",
      "Version": "0.7.2",
      "Source": "Repository",
      "Repository": "https://r-lib.github.io/p/pak/stable/source/linux-gnu/x86_64",
      "Requirements": [
        "R",
        "tools",
        "utils"
      ],
      "Hash": "93288e19455e09f590b56db4d50248fe"
    },
    "palmerpenguins": {
      "Package": "palmerpenguins",
      "Version": "0.1.1",
      "Source": "Repository",
      "Repository": "CRAN",
      "Requirements": [
        "R"
      ],
      "Hash": "6c6861efbc13c1d543749e9c7be4a592"
    },
    "paradox": {
      "Package": "paradox",
      "Version": "1.0.0",
      "Source": "GitHub",
      "RemoteType": "github",
      "RemoteHost": "api.github.com",
      "RemoteRepo": "paradox",
      "RemoteUsername": "mlr-org",
      "RemotePkgRef": "mlr-org/paradox",
      "RemoteRef": "HEAD",
      "RemoteSha": "6127b13f0ff6324d69cd886f218150da58580130",
      "Requirements": [
        "R6",
        "backports",
        "checkmate",
        "data.table",
        "methods",
        "mlr3misc"
      ],
      "Hash": "d88c43cadabaa81c5c81827e37ae3b09"
    },
    "parallelly": {
      "Package": "parallelly",
      "Version": "1.37.1",
      "Source": "Repository",
      "Repository": "CRAN",
      "Requirements": [
        "parallel",
        "tools",
        "utils"
      ],
      "Hash": "5410df8d22bd36e616f2a2343dbb328c"
    },
    "pkgconfig": {
      "Package": "pkgconfig",
      "Version": "2.0.3",
      "Source": "Repository",
      "Repository": "CRAN",
      "Requirements": [
        "utils"
      ],
      "Hash": "01f28d4278f15c76cddbea05899c5d6f"
    },
    "prettyunits": {
      "Package": "prettyunits",
      "Version": "1.2.0",
      "Source": "Repository",
      "Repository": "CRAN",
      "Requirements": [
        "R"
      ],
      "Hash": "6b01fc98b1e86c4f705ce9dcfd2f57c7"
    },
    "processx": {
      "Package": "processx",
      "Version": "3.8.4",
      "Source": "Repository",
      "Repository": "CRAN",
      "Requirements": [
        "R",
        "R6",
        "ps",
        "utils"
      ],
      "Hash": "0c90a7d71988856bad2a2a45dd871bb9"
    },
    "progress": {
      "Package": "progress",
      "Version": "1.2.3",
      "Source": "Repository",
      "Repository": "CRAN",
      "Requirements": [
        "R",
        "R6",
        "crayon",
        "hms",
        "prettyunits"
      ],
      "Hash": "f4625e061cb2865f111b47ff163a5ca6"
    },
    "proxy": {
      "Package": "proxy",
      "Version": "0.4-27",
      "Source": "Repository",
      "Repository": "CRAN",
      "Requirements": [
        "R",
        "stats",
        "utils"
      ],
      "Hash": "e0ef355c12942cf7a6b91a6cfaea8b3e"
    },
    "ps": {
      "Package": "ps",
      "Version": "1.7.6",
      "Source": "Repository",
      "Repository": "CRAN",
      "Requirements": [
        "R",
        "utils"
      ],
      "Hash": "dd2b9319ee0656c8acf45c7f40c59de7"
    },
    "qs": {
      "Package": "qs",
      "Version": "0.26.3",
      "Source": "Repository",
      "Repository": "CRAN",
      "Requirements": [
        "BH",
        "R",
        "RApiSerialize",
        "Rcpp",
        "stringfish"
      ],
      "Hash": "e372cf3f70e3c7a768ec5ea14f0f3edd"
    },
    "ranger": {
      "Package": "ranger",
      "Version": "0.16.0",
      "Source": "Repository",
      "Repository": "CRAN",
      "Requirements": [
        "Matrix",
        "R",
        "Rcpp",
        "RcppEigen"
      ],
      "Hash": "d5ca3a8d00f088042ea3b638534e0f3d"
    },
    "rappdirs": {
      "Package": "rappdirs",
      "Version": "0.3.3",
      "Source": "Repository",
      "Repository": "CRAN",
      "Requirements": [
        "R"
      ],
      "Hash": "5e3c5dc0b071b21fa128676560dbe94d"
    },
    "remotes": {
      "Package": "remotes",
      "Version": "2.5.0",
      "Source": "Repository",
      "Repository": "CRAN",
      "Requirements": [
        "R",
        "methods",
        "stats",
        "tools",
        "utils"
      ],
      "Hash": "3ee025083e66f18db6cf27b56e23e141"
    },
    "renv": {
      "Package": "renv",
      "Version": "1.0.7",
      "Source": "Repository",
      "Repository": "CRAN",
      "Requirements": [
        "utils"
      ],
      "Hash": "397b7b2a265bc5a7a06852524dabae20"
    },
    "rgenoud": {
      "Package": "rgenoud",
      "Version": "5.9-0.10",
      "Source": "Repository",
      "Repository": "CRAN",
      "Requirements": [
        "R",
        "utils"
      ],
      "Hash": "8cc5a5e8d451afe5d05a3e7c184c6491"
    },
    "rlang": {
      "Package": "rlang",
      "Version": "1.1.3",
      "Source": "Repository",
      "Repository": "CRAN",
      "Requirements": [
        "R",
        "utils"
      ],
      "Hash": "42548638fae05fd9a9b5f3f437fbbbe2"
    },
    "rpart": {
      "Package": "rpart",
      "Version": "4.1.19",
      "Source": "Repository",
      "Repository": "CRAN",
      "Requirements": [
        "R",
        "grDevices",
        "graphics",
        "stats"
      ],
      "Hash": "b3c892a81783376cc2204af0f5805a80"
    },
    "shape": {
      "Package": "shape",
      "Version": "1.4.6.1",
      "Source": "Repository",
      "Repository": "CRAN",
      "Requirements": [
        "R",
        "grDevices",
        "graphics",
        "stats"
      ],
      "Hash": "5c47e84dc0a3ca761ae1d307889e796d"
    },
    "snow": {
      "Package": "snow",
      "Version": "0.4-4",
      "Source": "Repository",
      "Repository": "CRAN",
      "Requirements": [
        "R",
        "utils"
      ],
      "Hash": "40b74690debd20c57d93d8c246b305d4"
    },
    "spacefillr": {
      "Package": "spacefillr",
      "Version": "0.3.3",
      "Source": "Repository",
      "Repository": "CRAN",
      "Requirements": [
        "Rcpp"
      ],
      "Hash": "16d32294bfd9e55d295ec40eec8aa89f"
    },
    "spatial": {
      "Package": "spatial",
      "Version": "7.3-16",
      "Source": "Repository",
      "Repository": "CRAN",
      "Requirements": [
        "R",
        "graphics",
        "stats",
        "utils"
      ],
      "Hash": "1f7d528460600aeab2c2fcc5b3f5bab6"
    },
    "storr": {
      "Package": "storr",
      "Version": "1.2.5",
      "Source": "Repository",
      "Repository": "CRAN",
      "Requirements": [
        "R",
        "R6",
        "digest"
      ],
      "Hash": "96034207276a46a44dc81b8d43397602"
    },
    "stringfish": {
      "Package": "stringfish",
      "Version": "0.16.0",
      "Source": "Repository",
      "Repository": "CRAN",
      "Requirements": [
        "R",
        "Rcpp",
        "RcppParallel"
      ],
      "Hash": "b7eb79470319ae71d4b5ed9cd7bf7294"
    },
    "stringi": {
      "Package": "stringi",
      "Version": "1.8.4",
      "Source": "Repository",
      "Repository": "CRAN",
      "Requirements": [
        "R",
        "stats",
        "tools",
        "utils"
      ],
      "Hash": "39e1144fd75428983dc3f63aa53dfa91"
    },
    "survival": {
      "Package": "survival",
      "Version": "3.6-4",
      "Source": "Repository",
      "Repository": "CRAN",
      "Requirements": [
        "Matrix",
        "R",
        "graphics",
        "methods",
        "splines",
        "stats",
        "utils"
      ],
      "Hash": "e6e3071f471513e4b85f98ca041303c7"
    },
    "uuid": {
      "Package": "uuid",
      "Version": "1.2-0",
      "Source": "Repository",
      "Repository": "CRAN",
      "Requirements": [
        "R"
      ],
      "Hash": "303c19bfd970bece872f93a824e323d9"
    },
    "vctrs": {
      "Package": "vctrs",
      "Version": "0.6.5",
      "Source": "Repository",
      "Repository": "CRAN",
      "Requirements": [
        "R",
        "cli",
        "glue",
        "lifecycle",
        "rlang"
      ],
      "Hash": "c03fa420630029418f7e6da3667aac4a"
    },
    "withr": {
      "Package": "withr",
      "Version": "3.0.0",
      "Source": "Repository",
      "Repository": "CRAN",
      "Requirements": [
        "R",
        "grDevices",
        "graphics"
      ],
      "Hash": "d31b6c62c10dcf11ec530ca6b0dd5d35"
    },
    "xgboost": {
      "Package": "xgboost",
      "Version": "1.7.7.1",
      "Source": "Repository",
      "Repository": "CRAN",
      "Requirements": [
        "Matrix",
        "R",
        "data.table",
        "jsonlite",
        "methods"
      ],
      "Hash": "6303e61eac62aef7bd2b396ef7e24386"
    }
  }
}
